
Microsoft Visual Studio Solution File, Format Version 12.00
# Visual Studio Version 16
VisualStudioVersion = 16.0.28803.452
MinimumVisualStudioVersion = 10.0.40219.1
Project("{FAE04EC0-301F-11D3-BF4B-00C04F79EFBC}") = "ClientUI", "ClientUI\ClientUI.csproj", "{AABC76E1-6131-4A2F-BDF8-9F66B6231E4D}"
EndProject
Project("{FAE04EC0-301F-11D3-BF4B-00C04F79EFBC}") = "Messages", "Messages\Messages.csproj", "{9F16F3AA-623D-42B7-B7CF-A42AE19805CA}"
EndProject
Project("{FAE04EC0-301F-11D3-BF4B-00C04F79EFBC}") = "Sales", "Sales\Sales.csproj", "{012B143C-31CA-42EF-9BEE-D7D158273BD1}"
EndProject
Project("{FAE04EC0-301F-11D3-BF4B-00C04F79EFBC}") = "Billing", "Billing\Billing.csproj", "{560AFC4C-4603-4D46-8D52-4DB94B5C1771}"
EndProject
Project("{FAE04EC0-301F-11D3-BF4B-00C04F79EFBC}") = "Shipping", "Shipping\Shipping.csproj", "{6E6897EC-1361-4F49-993C-02E377B3663F}"
EndProject
Global
	GlobalSection(SolutionConfigurationPlatforms) = preSolution
		Debug|Any CPU = Debug|Any CPU
		Release|Any CPU = Release|Any CPU
	EndGlobalSection
	GlobalSection(ProjectConfigurationPlatforms) = postSolution
		{AABC76E1-6131-4A2F-BDF8-9F66B6231E4D}.Debug|Any CPU.ActiveCfg = Debug|Any CPU
		{AABC76E1-6131-4A2F-BDF8-9F66B6231E4D}.Debug|Any CPU.Build.0 = Debug|Any CPU
		{AABC76E1-6131-4A2F-BDF8-9F66B6231E4D}.Release|Any CPU.ActiveCfg = Release|Any CPU
		{AABC76E1-6131-4A2F-BDF8-9F66B6231E4D}.Release|Any CPU.Build.0 = Release|Any CPU
		{9F16F3AA-623D-42B7-B7CF-A42AE19805CA}.Debug|Any CPU.ActiveCfg = Debug|Any CPU
		{9F16F3AA-623D-42B7-B7CF-A42AE19805CA}.Debug|Any CPU.Build.0 = Debug|Any CPU
		{9F16F3AA-623D-42B7-B7CF-A42AE19805CA}.Release|Any CPU.ActiveCfg = Release|Any CPU
		{9F16F3AA-623D-42B7-B7CF-A42AE19805CA}.Release|Any CPU.Build.0 = Release|Any CPU
		{012B143C-31CA-42EF-9BEE-D7D158273BD1}.Debug|Any CPU.ActiveCfg = Debug|Any CPU
		{012B143C-31CA-42EF-9BEE-D7D158273BD1}.Debug|Any CPU.Build.0 = Debug|Any CPU
		{012B143C-31CA-42EF-9BEE-D7D158273BD1}.Release|Any CPU.ActiveCfg = Release|Any CPU
		{012B143C-31CA-42EF-9BEE-D7D158273BD1}.Release|Any CPU.Build.0 = Release|Any CPU
		{560AFC4C-4603-4D46-8D52-4DB94B5C1771}.Debug|Any CPU.ActiveCfg = Debug|Any CPU
		{560AFC4C-4603-4D46-8D52-4DB94B5C1771}.Debug|Any CPU.Build.0 = Debug|Any CPU
		{560AFC4C-4603-4D46-8D52-4DB94B5C1771}.Release|Any CPU.ActiveCfg = Release|Any CPU
		{560AFC4C-4603-4D46-8D52-4DB94B5C1771}.Release|Any CPU.Build.0 = Release|Any CPU
		{6E6897EC-1361-4F49-993C-02E377B3663F}.Debug|Any CPU.ActiveCfg = Debug|Any CPU
		{6E6897EC-1361-4F49-993C-02E377B3663F}.Debug|Any CPU.Build.0 = Debug|Any CPU
		{6E6897EC-1361-4F49-993C-02E377B3663F}.Release|Any CPU.ActiveCfg = Release|Any CPU
		{6E6897EC-1361-4F49-993C-02E377B3663F}.Release|Any CPU.Build.0 = Release|Any CPU
	EndGlobalSection
	GlobalSection(SolutionProperties) = preSolution
		HideSolutionNode = FALSE
	EndGlobalSection
	GlobalSection(ExtensibilityGlobals) = postSolution
		SolutionGuid = {3F189480-EA2C-4076-AAAB-ED94CD681C46}
	EndGlobalSection
EndGlobal
